
Microsoft Visual Studio Solution File, Format Version 12.00
# Visual Studio Version 17
VisualStudioVersion = 17.14.36623.8
MinimumVisualStudioVersion = 10.0.40219.1
Project("{888888A0-9F3D-457C-B088-3A5042F75D52}") = "DualSenseIME", "DualSenseIME.pyproj", "{5A751C45-0370-4B1E-9751-BFF62F964245}"
EndProject
Global
	GlobalSection(SolutionConfigurationPlatforms) = preSolution
		Debug|Any CPU = Debug|Any CPU
		Release|Any CPU = Release|Any CPU
	EndGlobalSection
	GlobalSection(ProjectConfigurationPlatforms) = postSolution
		{5A751C45-0370-4B1E-9751-BFF62F964245}.Debug|Any CPU.ActiveCfg = Debug|Any CPU
		{5A751C45-0370-4B1E-9751-BFF62F964245}.Release|Any CPU.ActiveCfg = Release|Any CPU
	EndGlobalSection
	GlobalSection(SolutionProperties) = preSolution
		HideSolutionNode = FALSE
	EndGlobalSection
	GlobalSection(ExtensibilityGlobals) = postSolution
		SolutionGuid = {6EFFB69D-739F-4A04-8D2E-3A1EBE8C31C9}
	EndGlobalSection
EndGlobal
